github.com/pkg/errors v0.9.1 h1:FEBLx1zS214owpjy7qsBeixbURkuhQAwrK5UwLGTwt4=
github.com/pkg/errors v0.9.1/go.mod h1:bwawxfHBFNV+L2hUp1rHADufV3IMtnDRdf1r5NINEl0=
github.com/ramseyjiang/go_mid_to_senior v0.0.0-20220509090836-ad68c14de40f h1:XIq003ho9W9I0ZJXelWQ6IgOqspyXa38ddf0aEPlEH0=
github.com/ramseyjiang/go_mid_to_senior v0.0.0-20220509090836-ad68c14de40f/go.mod h1:gawZOeBgJ6zV54uvGySdwhnxkPZu3bKC6kb0drV89uc=
golang.org/x/exp v0.0.0-20220713135740-79cabaa25d75 h1:x03zeu7B2B11ySp+daztnwM5oBJ/8wGUSqrwcw9L0RA=
golang.org/x/exp v0.0.0-20220713135740-79cabaa25d75/go.mod h1:Kr81I6Kryrl9sr8s2FK3vxD90NdsKWRuOIl2O4CvYbA=
